
Microsoft Visual Studio Solution File, Format Version 12.00
# Visual Studio Version 16
VisualStudioVersion = 16.0.30709.132
MinimumVisualStudioVersion = 10.0.40219.1
Project("{FAE04EC0-301F-11D3-BF4B-00C04F79EFBC}") = "Elite.DotNetVersion", "Elite.DotNetVersion\Elite.DotNetVersion.csproj", "{10CFA7E3-4800-49B9-9B8C-D37F7D418DD8}"
EndProject
Global
	GlobalSection(SolutionConfigurationPlatforms) = preSolution
		Debug|Any CPU = Debug|Any CPU
		Release|Any CPU = Release|Any CPU
	EndGlobalSection
	GlobalSection(ProjectConfigurationPlatforms) = postSolution
		{10CFA7E3-4800-49B9-9B8C-D37F7D418DD8}.Debug|Any CPU.ActiveCfg = Debug|Any CPU
		{10CFA7E3-4800-49B9-9B8C-D37F7D418DD8}.Debug|Any CPU.Build.0 = Debug|Any CPU
		{10CFA7E3-4800-49B9-9B8C-D37F7D418DD8}.Release|Any CPU.ActiveCfg = Release|Any CPU
		{10CFA7E3-4800-49B9-9B8C-D37F7D418DD8}.Release|Any CPU.Build.0 = Release|Any CPU
	EndGlobalSection
	GlobalSection(SolutionProperties) = preSolution
		HideSolutionNode = FALSE
	EndGlobalSection
	GlobalSection(ExtensibilityGlobals) = postSolution
		SolutionGuid = {1C73AFA0-EAC9-4592-B37B-CAA32DB80C4B}
	EndGlobalSection
EndGlobal
